
Microsoft Visual Studio Solution File, Format Version 12.00
# Visual Studio Version 16
VisualStudioVersion = 16.0.31112.23
MinimumVisualStudioVersion = 10.0.40219.1
Project("{FAE04EC0-301F-11D3-BF4B-00C04F79EFBC}") = "Equipment_Planning", "Equipment_Planning\Equipment_Planning.csproj", "{47F00851-F6D3-4B1B-AD02-037F60F283AB}"
EndProject
Global
	GlobalSection(SolutionConfigurationPlatforms) = preSolution
		Debug|Any CPU = Debug|Any CPU
		Release|Any CPU = Release|Any CPU
	EndGlobalSection
	GlobalSection(ProjectConfigurationPlatforms) = postSolution
		{47F00851-F6D3-4B1B-AD02-037F60F283AB}.Debug|Any CPU.ActiveCfg = Debug|Any CPU
		{47F00851-F6D3-4B1B-AD02-037F60F283AB}.Debug|Any CPU.Build.0 = Debug|Any CPU
		{47F00851-F6D3-4B1B-AD02-037F60F283AB}.Release|Any CPU.ActiveCfg = Release|Any CPU
		{47F00851-F6D3-4B1B-AD02-037F60F283AB}.Release|Any CPU.Build.0 = Release|Any CPU
	EndGlobalSection
	GlobalSection(SolutionProperties) = preSolution
		HideSolutionNode = FALSE
	EndGlobalSection
	GlobalSection(ExtensibilityGlobals) = postSolution
		SolutionGuid = {F932CD70-2BA1-4506-B615-E339DDA42907}
	EndGlobalSection
EndGlobal
